version = 1
revision = 3
requires-python = ">=3.13"

[[package]]
name = "anyio"
version = "4.15.1"
source = { registry = "https://pypi.org/simple" }
dependencies = [
    { name = "idna" },
    { name = "typing-extensions", marker = "python_full_version < '3.15'" },
]
sdist = { url = "https://files.pythonhosted.org/packages/a9/d2/f4d173e22df740bc37b1db102b386ba719b66e95b0f0d751f556b387e6d2/anyio-4.15.1.tar.gz", hash = "sha256:9f28306018cbd6d329e64a36d58256edff76dd996fe423bc957326e578b82a94", size = 276966, upload-time = "2026-09-05T10:42:39.44Z" }
wheels = [
    { url = "https://files.pythonhosted.org/packages/12/b8/4bd346e22b28902df4d651910f5242c28d84e4a5c2435ca5c3f797ed7e2e/anyio-4.15.1-py3-none-any.whl", hash = "sha256:6152fdbbf9a77fdec97731721bebf7c4c44f7c29b424b0065826173efc7ed101", size = 132079, upload-time = "2026-09-05T10:42:37.923Z" },
]

[[package]]
name = "certifi"
version = "2026.7.22"
source = { registry = "https://pypi.org/simple" }
sdist = { url = "https://files.pythonhosted.org/packages/a3/c2/24167ea9858356b47a87a50d39908bfdb72ceeefe0041586e704e5376b3a/certifi-2026.7.22.tar.gz", hash = "sha256:741e2c3b351ddf169a738da9f2c048608ff7f2c5cc02f1ebc6b118bb090d5d55", size = 138112, upload-time = "2026-07-22T03:35:12.644Z" }
wheels = [
    { url = "https://files.pythonhosted.org/packages/0b/a7/71ac2cff56fec219ed242bb11b8efb69fcc4bec75db06fb7bfe35de520e6/certifi-2026.7.22-py3-none-any.whl", hash = "sha256:62f22742b58a1a33014a2b6b706588a8d7e2a88ae7bd1a6ebe8c992928483775", size = 136983, upload-time = "2026-07-22T03:35:11.276Z" },
]

[[package]]
name = "coverage"
version = "7.16.0"
source = { registry = "https://pypi.org/simple" }
sdist = { url = "https://files.pythonhosted.org/packages/d1/f5/deb1a27aa20746c0278ac998c4179e272004699b2d33959ce020c5ac1615/coverage-7.16.0.tar.gz", hash = "sha256:077f0964087883176ff6ab9b074694cae29f8c708273b13ca62c183c6ed716cd", size = 945620, upload-time = "2026-08-28T21:54:37.74Z" }
wheels = [
    { url = "https://files.pythonhosted.org/packages/54/c5/e62c87f4799d1e3647d5b2ae16ea1d12205d72fde1ea8529e13fe050f678/coverage-7.16.0-cp313-cp313-macosx_10_13_x86_64.whl", hash = "sha256:1545c52ce756b8a97007f439a220297f1cd72a2cbbcdffccdf1c1f70e74f9a42", size = 223215, upload-time = "2026-08-28T21:51:55.628Z" },
    { url = "https://files.pythonhosted.org/packages/89/e9/5e62fda9397175fb206f75368b6e85da06d831c181b6d0f67ca073cd2f89/coverage-7.16.0-cp313-cp313-macosx_11_0_arm64.whl", hash = "sha256:0598aadae641f30a0796b75b45c0b9c5de8619bd5cfb251bb0cc254e86e6dd13", size = 223585, upload-time = "2026-08-28T21:51:57.355Z" },
    { url = "https://files.pythonhosted.org/packages/b9/40/bede08621b1ba67e88c4d3336c22b52cb7911ff1fa4ef055344b6670e58a/coverage-7.16.0-cp313-cp313-manylinux1_i686.manylinux_2_28_i686.manylinux_2_5_i686.whl", hash = "sha256:4080ad6bad9f14690e6b2104f5e8d137ccc65a4b5427a36662090637d4bd16d5", size = 254575, upload-time = "2026-08-28T21:51:59.233Z" },
    { url = "https://files.pythonhosted.org/packages/12/d8/ab0bdaa45dfd6b8cbf1a3ec548fdf827684b1997f9724375c5b3e89144fb/coverage-7.16.0-cp313-cp313-manylinux1_x86_64.manylinux_2_28_x86_64.manylinux_2_5_x86_64.whl", hash = "sha256:e9883a2f8206ce3af59117dc278e5d043fea06912bca3f199816129e5e2de354", size = 257172, upload-time = "2026-08-28T21:52:01.015Z" },
    { url = "https://files.pythonhosted.org/packages/1d/bb/135de81784bbd7dfedcab2b92b03d71d75b09b0815b42d6dabb052def5a6/coverage-7.16.0-cp313-cp313-manylinux2014_aarch64.manylinux_2_17_aarch64.manylinux_2_28_aarch64.whl", hash = "sha256:984e5430fc6f858385009e92549955157d79335b1f3e13e1031e0f89d1284261", size = 258410, upload-time = "2026-08-28T21:52:02.76Z" },
    { url = "https://files.pythonhosted.org/packages/ad/72/ce44ecc062fb2e43d9447bb76154d091c2139232f20c125297c4b58f4c6a/coverage-7.16.0-cp313-cp313-manylinux2014_ppc64le.manylinux_2_17_ppc64le.manylinux_2_28_ppc64le.whl", hash = "sha256:b1374099dd1ad0d31fbb6c95d00a56a3c5e85fb3343dca14fc12f78323a2b42a", size = 260539, upload-time = "2026-08-28T21:52:04.821Z" },
    { url = "https://files.pythonhosted.org/packages/e7/c4/9389c36a41e59406ca2bba493807c2294d2e5186a7e9ebcc2e63a0f2a711/coverage-7.16.0-cp313-cp313-manylinux_2_31_riscv64.manylinux_2_39_riscv64.whl", hash = "sha256:34d8686bce035c8465b318a8c2890e69ba14a00801a27f4eb6bdc97c23944d87", size = 254756, upload-time = "2026-08-28T21:52:06.68Z" },
    { url = "https://files.pythonhosted.org/packages/ad/0f/7762447b15e01fb84263608540123c4d9941f06303265ee74d801ccbec0e/coverage-7.16.0-cp313-cp313-musllinux_1_2_aarch64.whl", hash = "sha256:857fceba6ff4b507ee0ad98798a33d544a8473df0c542bf04251ee4ed5ee6292", size = 256540, upload-time = "2026-08-28T21:52:08.529Z" },
    { url = "https://files.pythonhosted.org/packages/e6/fa/c60dc75a8346c1dbebebc7279b19971c88f70dd575f0bc10bc0cb16f92d5/coverage-7.16.0-cp313-cp313-musllinux_1_2_i686.whl", hash = "sha256:bbf08d951abaa1ce89e28c998361d56b952413846b459cd017f116ad4c9adbfa", size = 254508, upload-time = "2026-08-28T21:52:10.323Z" },
    { url = "https://files.pythonhosted.org/packages/c3/f0/4e0834f3a1fccaa8bf625a2a1d73bde0fa32577dc3249853c0dd0e7f2b20/coverage-7.16.0-cp313-cp313-musllinux_1_2_ppc64le.whl", hash = "sha256:1a03e78f53e4d2ab13adac19958a89322d1829913e5623d642627bf60b35da21", size = 258659, upload-time = "2026-08-28T21:52:12.124Z" },
    { url = "https://files.pythonhosted.org/packages/b4/ec/fe712d3a11fd6e874565a5fa5497c48b8ece561d9611da040b44cdcf8386/coverage-7.16.0-cp313-cp313-musllinux_1_2_riscv64.whl", hash = "sha256:dcd3dafcdd78305d27c59a1006b53a4990acb89e68d8fbe0992f4f83503c827f", size = 254326, upload-time = "2026-08-28T21:52:14.181Z" },
    { url = "https://files.pythonhosted.org/packages/e7/78/093e12072e01034c65ff380f76c74b79dd83e44fa92b689a2154389be734/coverage-7.16.0-cp313-cp313-musllinux_1_2_x86_64.whl", hash = "sha256:c1bcfe470a796fbea6234accd81d258a31574dc0b7bf569e16be757572c4de17", size = 256102, upload-time = "2026-08-28T21:52:16.003Z" },
    { url = "https://files.pythonhosted.org/packages/9b/c0/265176117ca5d06e3f65575842884cdda96cf213350a31e9d41c80d65854/coverage-7.16.0-cp313-cp313-win32.whl", hash = "sha256:1420370276f1694b663207b8245c3628aafb9624fe3cebf313a13d860e55ee67", size = 225250, upload-time = "2026-08-28T21:52:17.82Z" },
    { url = "https://files.pythonhosted.org/packages/1f/01/8a87f2c04fde322430b45d16d8f543693e9894c5b2d2ca238a287c00beca/coverage-7.16.0-cp313-cp313-win_amd64.whl", hash = "sha256:496277c8d7beed695e02c7be53516a0152e4caef8738a0feab6a638546cce449", size = 225790, upload-time = "2026-08-28T21:52:19.641Z" },
    { url = "https://files.pythonhosted.org/packages/23/40/c21feacd9edfe7063195bf9cc84d650e9938fc6a23063e4f027199b160e1/coverage-7.16.0-cp313-cp313-win_arm64.whl", hash = "sha256:181c2906b9b3759955c1c33c51fbb91c754fbd0b82ea49e2c81061f5a052082c", size = 225180, upload-time = "2026-08-28T21:52:21.613Z" },
    { url = "https://files.pythonhosted.org/packages/ea/73/850675f262391b322c4c988b6cdc32cdc6629288f0fb158687b587a393a8/coverage-7.16.0-cp314-cp314-macosx_10_15_x86_64.whl", hash = "sha256:54b7fba6a74d010de34319a0419d5b65af8c00f539ad0b6f39fc6f342ab99697", size = 223258, upload-time = "2026-08-28T21:52:23.558Z" },
    { url = "https://files.pythonhosted.org/packages/61/c1/4f54c6d47c80d1cc58ef8fe6b74e6eb50f9e2c0f6e2de6cf38dbca2937b8/coverage-7.16.0-cp314-cp314-macosx_11_0_arm64.whl", hash = "sha256:fa4ff0b3dd52208d2b30903022d5087f82000507b504753dfeee83e4f32d6883", size = 223587, upload-time = "2026-08-28T21:52:25.627Z" },
    { url = "https://files.pythonhosted.org/packages/3c/be/298f2456230fb44e272a4e53a41b3f3c39f0821c242d7b7daa9787b4d6f7/coverage-7.16.0-cp314-cp314-manylinux1_i686.manylinux_2_28_i686.manylinux_2_5_i686.whl", hash = "sha256:35a9676bf86097f790113ebd9fb67681804ef54d40941d2f10ba68c02239e575", size = 254632, upload-time = "2026-08-28T21:52:27.689Z" },
    { url = "https://files.pythonhosted.org/packages/a3/9c/a1bda6439c19c4783d50df896142b67b9e7d432db36675d339a32778669d/coverage-7.16.0-cp314-cp314-manylinux1_x86_64.manylinux_2_28_x86_64.manylinux_2_5_x86_64.whl", hash = "sha256:f98d438add63546745e5e847192e3e9ab897ed6f2ca96f8281e2f5a15958ae62", size = 257139, upload-time = "2026-08-28T21:52:29.741Z" },
    { url = "https://files.pythonhosted.org/packages/f8/cd/cd735c9be757f97237c305f36897a5e5b348bdbc12ebed3b2b80060dd8a9/coverage-7.16.0-cp314-cp314-manylinux2014_aarch64.manylinux_2_17_aarch64.manylinux_2_28_aarch64.whl", hash = "sha256:151855767480be14db595cbc2040f6a4db965cdfeebd354d79b0256742b029e0", size = 258484, upload-time = "2026-08-28T21:52:31.68Z" },
    { url = "https://files.pythonhosted.org/packages/e4/04/84b2e1e8aae9db3f549782f28ce25bba5fd6a9c7bfba3782ffe8b4cd2559/coverage-7.16.0-cp314-cp314-manylinux2014_ppc64le.manylinux_2_17_ppc64le.manylinux_2_28_ppc64le.whl", hash = "sha256:183613f664718b340589d7f005c7e92b4b601cffd20a8a4117cfda3e983b080f", size = 260798, upload-time = "2026-08-28T21:52:33.642Z" },
    { url = "https://files.pythonhosted.org/packages/8a/4f/e04cf52483619a4dc5dd6367b30c9a8ac52243567fdfacec9b11a441565c/coverage-7.16.0-cp314-cp314-manylinux_2_31_riscv64.manylinux_2_39_riscv64.whl", hash = "sha256:785b114356c99c0dd5b3f57b9696cfd57b7704f4c53847df8dc88c6cc0d9bcb6", size = 254612, upload-time = "2026-08-28T21:52:35.543Z" },
    { url = "https://files.pythonhosted.org/packages/da/33/627c4113f66bfffd43807f54dbf080c4632ecf12e4ef7a3bdd4ec38e46a2/coverage-7.16.0-cp314-cp314-musllinux_1_2_aarch64.whl", hash = "sha256:30f5aee6d1d517abcdfd4f9cad027969ff79a1440a22da263f9514e31b5b66e9", size = 256495, upload-time = "2026-08-28T21:52:37.485Z" },
    { url = "https://files.pythonhosted.org/packages/3c/38/aaca432f4e008a88f2bc4d1459aa7016d8d1bbbe801f7e4fa3cf2746557b/coverage-7.16.0-cp314-cp314-musllinux_1_2_i686.whl", hash = "sha256:190ffa0f5af966254c249fb3aeaca2cef389785e3e287fd577d39e134d20f8a3", size = 254454, upload-time = "2026-08-28T21:52:39.425Z" },
    { url = "https://files.pythonhosted.org/packages/cc/db/8430aa87ef0a508f4c17c1b8fa7e0cf80231988d9081aa36c194036592d6/coverage-7.16.0-cp314-cp314-musllinux_1_2_ppc64le.whl", hash = "sha256:0ccc37c00e1a5d30840902c54557e104d04aead872cedf6d2281c8725a467e06", size = 258728, upload-time = "2026-08-28T21:52:41.32Z" },
    { url = "https://files.pythonhosted.org/packages/76/88/cd8aa8c82493ffbd291d3ef5554452fffc634c6c6098a04ac848c79c98f3/coverage-7.16.0-cp314-cp314-musllinux_1_2_riscv64.whl", hash = "sha256:6c60cde430c0e7e3be612973af39b4cff90ec2e2defe7b2b701daea3a0ffff04", size = 254271, upload-time = "2026-08-28T21:52:43.278Z" },
    { url = "https://files.pythonhosted.org/packages/a8/49/fe16c811ea9314a84b48f34e4bf5a3d9013091093b285a74b2272fc863d7/coverage-7.16.0-cp314-cp314-musllinux_1_2_x86_64.whl", hash = "sha256:c5297028c8df849a61b29129cadfe682f90b5b396f528eb319a57d7678eefdad", size = 255927, upload-time = "2026-08-28T21:52:45.461Z" },
    { url = "https://files.pythonhosted.org/packages/d1/45/d0bd410e78cfbf768acc8099b335e1d5c0d5c26103c796d2bebdee001715/coverage-7.16.0-cp314-cp314-win32.whl", hash = "sha256:136988df5bc5a48795d9c42c75c4bbda5d9a78e750a080c1233010edff93a1af", size = 225424, upload-time = "2026-08-28T21:52:47.658Z" },
    { url = "https://files.pythonhosted.org/packages/17/78/1ce6ce4646822e9308dcdb1942eaf31bfd7da43247b8886338b0d6fe3767/coverage-7.16.0-cp314-cp314-win_amd64.whl", hash = "sha256:ce2ba5e9f1842fe09165825abfb3bc6b527c71a27bc2eb3a10f2284ced64506d", size = 225918, upload-time = "2026-08-28T21:52:49.692Z" },
    { url = "https://files.pythonhosted.org/packages/f9/cd/e1323fe3a7dfcdd709451a43fe708ca1dfd36a7fc07b34eb7bd1dfdfb52d/coverage-7.16.0-cp314-cp314-win_arm64.whl", hash = "sha256:a89d07e48d9baead9a15599923a02f62c6df6c3d85aa84ef34be3c9fd6aeb91f", size = 225344, upload-time = "2026-08-28T21:52:51.665Z" },
    { url = "https://files.pythonhosted.org/packages/39/fb/1c15460d4cf915f09ae3ad3862fef4f901838991c5641b0cec545050d810/coverage-7.16.0-cp314-cp314t-macosx_10_15_x86_64.whl", hash = "sha256:6e2854b62601c89a63814ad5def3b90d99c6724cc4cb977f75b725e5fca4b1e3", size = 223986, upload-time = "2026-08-28T21:52:53.572Z" },
    { url = "https://files.pythonhosted.org/packages/9f/73/347d2d0009ac211f79ee2a2364fd2aa19d6b9628dc22ed13a9b9386097ab/coverage-7.16.0-cp314-cp314t-macosx_11_0_arm64.whl", hash = "sha256:f093faf23df888518d273be6da65f0ec5a25b5d8b670231e4d87de07361042e7", size = 224254, upload-time = "2026-08-28T21:52:55.59Z" },
    { url = "https://files.pythonhosted.org/packages/5a/2f/51442e6ad9d705369596f08496021647e276d5b57311818fd4312d93509b/coverage-7.16.0-cp314-cp314t-manylinux1_i686.manylinux_2_28_i686.manylinux_2_5_i686.whl", hash = "sha256:b7dbbbf6551eb94618e7bc76ab61cc2740a5b3d13294171bd6adb36e12346c3c", size = 265619, upload-time = "2026-08-28T21:52:57.645Z" },
    { url = "https://files.pythonhosted.org/packages/ea/8e/0f752276f6d13efbd019ab6d90792e20d6272c44cda039dc5c6d27b91e7f/coverage-7.16.0-cp314-cp314t-manylinux1_x86_64.manylinux_2_28_x86_64.manylinux_2_5_x86_64.whl", hash = "sha256:51e7d0e311d2fba3915f971236cbdd4ad821fc7a23988221c0b33c964b0eba22", size = 267734, upload-time = "2026-08-28T21:52:59.611Z" },
    { url = "https://files.pythonhosted.org/packages/fa/02/4df3baef8029881c9d1a380859f2be73f90080d430def567d182e8566a35/coverage-7.16.0-cp314-cp314t-manylinux2014_aarch64.manylinux_2_17_aarch64.manylinux_2_28_aarch64.whl", hash = "sha256:0bb04ee77e557d7476471969d35fbbfb5fc8a4152e9409aa5811780c36d9b23e", size = 270156, upload-time = "2026-08-28T21:53:01.658Z" },
    { url = "https://files.pythonhosted.org/packages/9f/30/ce10fdb74055ebbfb5c8a025d8845dc19c76e4b2c42bb5c755b56678990c/coverage-7.16.0-cp314-cp314t-manylinux2014_ppc64le.manylinux_2_17_ppc64le.manylinux_2_28_ppc64le.whl", hash = "sha256:c72c9b201dc0e8c2c8821d49858fd865010d08181bf877d2320971b6464ebfd5", size = 271279, upload-time = "2026-08-28T21:53:03.698Z" },
    { url = "https://files.pythonhosted.org/packages/71/19/c7e1fc9504d90da848493bad4018dd235c713a80633e48c5f0a41b63d45e/coverage-7.16.0-cp314-cp314t-manylinux_2_31_riscv64.manylinux_2_39_riscv64.whl", hash = "sha256:0fca700cae4635656668ba6e2b66a85aac9f2622d7b2bcf82e844c409eaa1313", size = 264677, upload-time = "2026-08-28T21:53:05.741Z" },
    { url = "https://files.pythonhosted.org/packages/a4/f3/4021519dd41583ab396c81955387f927779641f6bac26818b6918a45aafc/coverage-7.16.0-cp314-cp314t-musllinux_1_2_aarch64.whl", hash = "sha256:584896fb8b650e999e24ef57e9513e482c12f8e15a73ee9d4584e23c99465867", size = 267610, upload-time = "2026-08-28T21:53:07.763Z" },
    { url = "https://files.pythonhosted.org/packages/55/fc/df65aac93938d8f506434c8e96440c1d696f6be0a6a01d3c6bfe5d49403e/coverage-7.16.0-cp314-cp314t-musllinux_1_2_i686.whl", hash = "sha256:949eae7e0f562b1518355aaef4b03523e49a6d3fea12aa3542d9e36c863f8267", size = 265217, upload-time = "2026-08-28T21:53:09.786Z" },
    { url = "https://files.pythonhosted.org/packages/32/2d/dc9a5e62715165fcb4c715f965f411e324917c9daeddde16536e9d36ce3f/coverage-7.16.0-cp314-cp314t-musllinux_1_2_ppc64le.whl", hash = "sha256:64f0611ee05364fc85cc3e5bc371804117a76fd337720e6017332fc7c534257a", size = 268948, upload-time = "2026-08-28T21:53:11.866Z" },
    { url = "https://files.pythonhosted.org/packages/8b/4e/fe73a5560f25fca52acda76fc1554f30de081793ae4de97e920f8ab161d7/coverage-7.16.0-cp314-cp314t-musllinux_1_2_riscv64.whl", hash = "sha256:050a291b3cfe5e0df5999ef2fa5a7aff6e2db329f069d47eb63f02bde2e7e96b", size = 264061, upload-time = "2026-08-28T21:53:13.996Z" },
    { url = "https://files.pythonhosted.org/packages/b3/f7/bb78cc4b97085ebbd77fa18cbc25abfab462814efa3e2363b4e50885c775/coverage-7.16.0-cp314-cp314t-musllinux_1_2_x86_64.whl", hash = "sha256:a336b1e2990a64f5c356a9b8380fb9c029d56c832b801255250c44d603271bfd", size = 266371, upload-time = "2026-08-28T21:53:16.233Z" },
    { url = "https://files.pythonhosted.org/packages/aa/ec/84b4af5cd4ad498477b3bfb2217e47b048da919451053790efda66f7383c/coverage-7.16.0-cp314-cp314t-win32.whl", hash = "sha256:058631257350b31784ed43ceb808298b6f074edf4ebca4c7ce5082e6bf873a61", size = 225736, upload-time = "2026-08-28T21:53:18.632Z" },
    { url = "https://files.pythonhosted.org/packages/7e/43/50fc0e6c675c3ef14895a74bab2d6120cb5d6f4b562a3d3f5046797758dc/coverage-7.16.0-cp314-cp314t-win_amd64.whl", hash = "sha256:ed35097438dfa980c1ec75bc83edf8acbe7a374d7007e571957a257fbd0e2fb3", size = 226570, upload-time = "2026-08-28T21:53:20.754Z" },
    { url = "https://files.pythonhosted.org/packages/fc/24/9effce7bcd3c6eeb4da3561905837509e582dcdde7a7f07d6ef2c8512f76/coverage-7.16.0-cp314-cp314t-win_arm64.whl", hash = "sha256:0466f4a5c0370461b7d8c7eb259d7d1db0b5756f13d66230b04d22a1d380ee11", size = 225879, upload-time = "2026-08-28T21:53:22.747Z" },
    { url = "https://files.pythonhosted.org/packages/4a/2c/318e4379106bc8047ba235e3732ddc87d1b393ac3db9776f5405ff14f322/coverage-7.16.0-cp315-cp315-macosx_10_15_x86_64.whl", hash = "sha256:80d7d5d744a041f08637df743ac086204ec5acbcd8432a42b00b49e607358024", size = 223257, upload-time = "2026-08-28T21:53:25.376Z" },
    { url = "https://files.pythonhosted.org/packages/81/4d/a5c54d9144e9db6505749758ba50a28be624148873751728a59cbb72d27a/coverage-7.16.0-cp315-cp315-macosx_11_0_arm64.whl", hash = "sha256:c5feffce90c3d602e149de1c477578efc34dee5f069f9764cc15808ce01ee15c", size = 223596, upload-time = "2026-08-28T21:53:27.461Z" },
    { url = "https://files.pythonhosted.org/packages/bc/97/38e93a10899c9315964c0a4e729b3e5867f8f46e977808f9c6fbda52525a/coverage-7.16.0-cp315-cp315-manylinux1_i686.manylinux_2_28_i686.manylinux_2_5_i686.whl", hash = "sha256:acadbf2f2a18d7f9c7f119ac798c00c540d7c79c93abd71ed648c87891303633", size = 254699, upload-time = "2026-08-28T21:53:29.715Z" },
    { url = "https://files.pythonhosted.org/packages/fa/7a/acddda030b4630f68167f3daa94b41d22071847822a70d8178d43dcf678e/coverage-7.16.0-cp315-cp315-manylinux1_x86_64.manylinux_2_28_x86_64.manylinux_2_5_x86_64.whl", hash = "sha256:4212cec9b42fd9929e70b462732fefd8b13406371871c82f3c14397499d6550b", size = 257614, upload-time = "2026-08-28T21:53:31.948Z" },
    { url = "https://files.pythonhosted.org/packages/15/7e/225b182497c1ce6d3f0d76a3074a4dbc9f272300e92bb100df53b03de0aa/coverage-7.16.0-cp315-cp315-manylinux2014_aarch64.manylinux_2_17_aarch64.manylinux_2_28_aarch64.whl", hash = "sha256:1c5a43cc0ef101637ae920a9eed24cf0549ef815621eae68b3ad577ec5a7ad2f", size = 259236, upload-time = "2026-08-28T21:53:34.291Z" },
    { url = "https://files.pythonhosted.org/packages/2e/19/76641ddc50cb2410ebbd0ed7fe1052614d0e5612e802a2817521adb9febb/coverage-7.16.0-cp315-cp315-manylinux2014_ppc64le.manylinux_2_17_ppc64le.manylinux_2_28_ppc64le.whl", hash = "sha256:c76a9b50a344261fe4a9bd20c322b48d3913cc48e8c37f78c21a596008296e68", size = 261433, upload-time = "2026-08-28T21:53:36.401Z" },
    { url = "https://files.pythonhosted.org/packages/12/9e/5f89de8b7c2017f36b68b4e4a25940723a748b21474820bf61e8bce0891c/coverage-7.16.0-cp315-cp315-manylinux_2_31_riscv64.manylinux_2_39_riscv64.whl", hash = "sha256:80cf547379ad6b1878fd03b033b51188beab4b41824c96e7839e014a4cb947be", size = 255182, upload-time = "2026-08-28T21:53:38.496Z" },
    { url = "https://files.pythonhosted.org/packages/1a/c1/ce94b2ec502e79775efb5efa22c741ebb0bd2be10bdd29650825ff57bdcb/coverage-7.16.0-cp315-cp315-musllinux_1_2_aarch64.whl", hash = "sha256:4b1d09cb5d8dc2c7164450f5217e6f0717497de9c588806a0780d352abef904a", size = 257329, upload-time = "2026-08-28T21:53:40.87Z" },
    { url = "https://files.pythonhosted.org/packages/86/8d/3f5374df3a6ca19ee5f98a6bd21dbb05f1e9d399bd9978e9821d260eab5e/coverage-7.16.0-cp315-cp315-musllinux_1_2_i686.whl", hash = "sha256:cd1e85abed2d2499c16664137ac802356316f92b4e2bf3c150bdf0c45f5dd9ae", size = 255210, upload-time = "2026-08-28T21:53:43.393Z" },
    { url = "https://files.pythonhosted.org/packages/8e/b8/1bc5751496d0be6fd9dde8ca547d9a8a9f07847856aba3f3ae5ac594cd81/coverage-7.16.0-cp315-cp315-musllinux_1_2_ppc64le.whl", hash = "sha256:360967a6fd77794c167529eec2d16ff8e38216110619d23acc3fd466a1648bee", size = 259442, upload-time = "2026-08-28T21:53:45.725Z" },
    { url = "https://files.pythonhosted.org/packages/7a/dc/8aca78e47e1e6fcc761cd28a20daf4a84bd847a7369e2701a93ccfc3d1fd/coverage-7.16.0-cp315-cp315-musllinux_1_2_riscv64.whl", hash = "sha256:92cbc2bf4f7f67c79f1d3ca4fe8c50faddf48e852a3d07eaaf02dc014889832f", size = 254618, upload-time = "2026-08-28T21:53:48.292Z" },
    { url = "https://files.pythonhosted.org/packages/73/fd/787842cdf6ce16ac5c1bd8a26549bab3b3f27b02500075bc540dc7853bca/coverage-7.16.0-cp315-cp315-musllinux_1_2_x86_64.whl", hash = "sha256:cce4dc8528453128c6fae523b15f3887fbea1d4d7c9eb9639d3d4fdcbe570c73", size = 256541, upload-time = "2026-08-28T21:53:50.805Z" },
    { url = "https://files.pythonhosted.org/packages/ef/79/8df302cbef373dd1f3401044cdb94dfc74517e5af2af27b4d0e721557e0e/coverage-7.16.0-cp315-cp315-win32.whl", hash = "sha256:5205baea687133613dced668a3d0168ea1479349615bfc255849a7944988c889", size = 225429, upload-time = "2026-08-28T21:53:53.177Z" },
    { url = "https://files.pythonhosted.org/packages/85/87/5bad7ac45f76b3728ca211028ee561c2ede3ba44da401129e28bb8737291/coverage-7.16.0-cp315-cp315-win_amd64.whl", hash = "sha256:4fcb5f07a9b7083bfb715115d27ce263ba2b5b89dddeee536b295ba0e3c2c627", size = 225903, upload-time = "2026-08-28T21:53:55.535Z" },
    { url = "https://files.pythonhosted.org/packages/cc/ea/67d84b11caf240f059ec313f616d82212df5004e8bc85802c1edfc50bb3d/coverage-7.16.0-cp315-cp315-win_arm64.whl", hash = "sha256:d568a8adcec0eda42ec23e5e65dfb8c184fc255120f9e99b484f7c869d923fb9", size = 225334, upload-time = "2026-08-28T21:53:57.769Z" },
    { url = "https://files.pythonhosted.org/packages/65/21/a88349cce3ff720729b754916ac47e2e3646a8137552e4fa7cdd5967cc7f/coverage-7.16.0-cp315-cp315t-macosx_10_15_x86_64.whl", hash = "sha256:3e8037e8213adf882e9d7eedd2c5c557933ab0b9632c42d98fe98ec9bcdb4025", size = 223980, upload-time = "2026-08-28T21:54:00.082Z" },
    { url = "https://files.pythonhosted.org/packages/fd/02/4d54abf3e6a4d8b7675921b20e91163b1064a5a9dbefebb71c05065dd136/coverage-7.16.0-cp315-cp315t-macosx_11_0_arm64.whl", hash = "sha256:289f2ed4d56eebf029b649e7dfc3c1153b111962a75e294cdd8e4a1598a04cc3", size = 224276, upload-time = "2026-08-28T21:54:02.381Z" },
    { url = "https://files.pythonhosted.org/packages/f6/39/10dbc96d95d20b9b041045d293480bd49e536180e93af62dd7662376284d/coverage-7.16.0-cp315-cp315t-manylinux1_i686.manylinux_2_28_i686.manylinux_2_5_i686.whl", hash = "sha256:9b83f6ac575530783771c8dcf05284f7c8b5b12f1e7cb226d63445aac4497a3a", size = 265135, upload-time = "2026-08-28T21:54:04.558Z" },
    { url = "https://files.pythonhosted.org/packages/e7/3b/6b326544afd1a8aef3a495bbae109a7ab5baf23e04a2741d8d64e2df2ba2/coverage-7.16.0-cp315-cp315t-manylinux1_x86_64.manylinux_2_28_x86_64.manylinux_2_5_x86_64.whl", hash = "sha256:2c3ff6580f2dfc5bec34717b85b2e6cf5ec993b721e7bb58a794babd525a8178", size = 268216, upload-time = "2026-08-28T21:54:06.97Z" },
    { url = "https://files.pythonhosted.org/packages/54/34/1dc8265f3ed990690e24d5f31ff79bc9fb9b25d54f9f89bebad5a6a8b7a1/coverage-7.16.0-cp315-cp315t-manylinux2014_aarch64.manylinux_2_17_aarch64.manylinux_2_28_aarch64.whl", hash = "sha256:507596cee23e9968b1934fe86d799b76166541af0a293930918b1b48a5c84bd2", size = 270772, upload-time = "2026-08-28T21:54:09.234Z" },
    { url = "https://files.pythonhosted.org/packages/66/a7/3a8463713a402b44044ec832f4a76e442ce4b3a207804303f4d1dc1a9bb4/coverage-7.16.0-cp315-cp315t-manylinux2014_ppc64le.manylinux_2_17_ppc64le.manylinux_2_28_ppc64le.whl", hash = "sha256:edc2be98e6c55ccc5ff7832bb64f023a4b03dba39dfa84b850046cf08a8249b0", size = 271752, upload-time = "2026-08-28T21:54:11.701Z" },
    { url = "https://files.pythonhosted.org/packages/25/3b/dd5e795cfbe1842f69899189089ae289a96d6a68de312960ea668542e33c/coverage-7.16.0-cp315-cp315t-manylinux_2_31_riscv64.manylinux_2_39_riscv64.whl", hash = "sha256:9c0690994b84a15a53bdd39e0b2fdb539b22533820623eb86ba75b93760c645b", size = 265589, upload-time = "2026-08-28T21:54:14.12Z" },
    { url = "https://files.pythonhosted.org/packages/1b/b6/fd90636cbd95cb018312f6ca1ca2bbd70fbe8e4ee6f3992fc36a4230364e/coverage-7.16.0-cp315-cp315t-musllinux_1_2_aarch64.whl", hash = "sha256:de24c62bf798940a14674a47489a81b79915ec4134f556d5199830e065225dd0", size = 268596, upload-time = "2026-08-28T21:54:16.303Z" },
    { url = "https://files.pythonhosted.org/packages/91/10/ef2d59264f3b3b358cc5885ca375e6cdbda7c195e78304d5aae800a72d9d/coverage-7.16.0-cp315-cp315t-musllinux_1_2_i686.whl", hash = "sha256:69474d81f198774c9d2937599ca5da04c9e1c5de5032da23c607ce4960ce360e", size = 265072, upload-time = "2026-08-28T21:54:18.597Z" },
    { url = "https://files.pythonhosted.org/packages/3f/5b/400891c364c0170408d172501b340b18611800f4c42d8fbb16f9f5497c24/coverage-7.16.0-cp315-cp315t-musllinux_1_2_ppc64le.whl", hash = "sha256:72a0795cc6d34acc2b03dfeabdc82b61b72087f2737018b56ac92c1cf5446c54", size = 269768, upload-time = "2026-08-28T21:54:20.985Z" },
    { url = "https://files.pythonhosted.org/packages/98/93/9792c80271df04d287d21ed5d662fd8fa58b1737888d817679b1ce5d2fab/coverage-7.16.0-cp315-cp315t-musllinux_1_2_riscv64.whl", hash = "sha256:d9a218d3f9c7d6916684ed5ba94f620661117a730e733cd6ef5e87accc5872eb", size = 265211, upload-time = "2026-08-28T21:54:23.344Z" },
    { url = "https://files.pythonhosted.org/packages/81/67/5b8f827cfa6616e6bd7ba9397acfe7e3c4fd5b9fca4125511d5089f55d5a/coverage-7.16.0-cp315-cp315t-musllinux_1_2_x86_64.whl", hash = "sha256:49fa72ead28c8216f8916398a4f3c4669acb30a061822810ee20a727a1be2897", size = 267170, upload-time = "2026-08-28T21:54:25.85Z" },
    { url = "https://files.pythonhosted.org/packages/5c/ee/c135d2d2cb617d744bc3e13c922f2fae66964494176ddef225dc4656bd2c/coverage-7.16.0-cp315-cp315t-win32.whl", hash = "sha256:27461af9f3ed7d2cf2411eb083784f87055ebf42211789ae3a216c48609bc743", size = 225731, upload-time = "2026-08-28T21:54:28.151Z" },
    { url = "https://files.pythonhosted.org/packages/8a/4d/dc3d53eadf155916e183bf5dfacbfc4aa5bfb7f13b7da11c01caa7a05cbc/coverage-7.16.0-cp315-cp315t-win_amd64.whl", hash = "sha256:c5612cc20ca76abc883e50269af47c1494b42958bb63dbb9aa79729a1ab5f7d3", size = 226562, upload-time = "2026-08-28T21:54:30.42Z" },
    { url = "https://files.pythonhosted.org/packages/2f/00/ac9da1a60a4e84c3ad0f7db4723fd327154a8f9add210c0dcd2db3ec5156/coverage-7.16.0-cp315-cp315t-win_arm64.whl", hash = "sha256:2ddaa9e2af4760a329d80008b7a3b4762fbb0dbcb169199360f9a5179c32f2dc", size = 225872, upload-time = "2026-08-28T21:54:32.806Z" },
    { url = "https://files.pythonhosted.org/packages/b1/5a/234e8fadf85c3cc48cb31c247b9e8e0c7f06ece80f5b29f9b8c241f9da4c/coverage-7.16.0-py3-none-any.whl", hash = "sha256:245f7de6d023a5bba375dbec9f2e0869bfa26ac0cc639bbb7b4c814884000b73", size = 214977, upload-time = "2026-08-28T21:54:35.189Z" },
]

[[package]]
name = "dotenv"
version = "0.9.9"
source = { registry = "https://pypi.org/simple" }
dependencies = [
    { name = "python-dotenv" },
]
wheels = [
    { url = "https://files.pythonhosted.org/packages/b2/b7/545d2c10c1fc15e48653c91efde329a790f2eecfbbf2bd16003b5db2bab0/dotenv-0.9.9-py2.py3-none-any.whl", hash = "sha256:29cf74a087b31dafdb5a446b6d7e11cbce8ed2741540e2339c69fbef92c94ce9", size = 1892, upload-time = "2025-02-19T22:15:01.647Z" },
]

[[package]]
name = "h11"
version = "0.16.0"
source = { registry = "https://pypi.org/simple" }
sdist = { url = "https://files.pythonhosted.org/packages/01/ee/02a2c011bdab74c6fb3c75474d40b3052059d95df7e73351460c8588d963/h11-0.16.0.tar.gz", hash = "sha256:4e35b956cf45792e4caa5885e69fba00bdbc6ffafbfa020300e549b208ee5ff1", size = 101250, upload-time = "2025-04-24T03:35:25.427Z" }
wheels = [
    { url = "https://files.pythonhosted.org/packages/04/4b/29cac41a4d98d144bf5f6d33995617b185d14b22401f75ca86f384e87ff1/h11-0.16.0-py3-none-any.whl", hash = "sha256:63cf8bbe7522de3bf65932fda1d9c2772064ffb3dae62d55932da54b31cb6c86", size = 37515, upload-time = "2025-04-24T03:35:24.344Z" },
]

[[package]]
name = "httpcore"
version = "1.0.9"
source = { registry = "https://pypi.org/simple" }
dependencies = [
    { name = "certifi" },
    { name = "h11" },
]
sdist = { url = "https://files.pythonhosted.org/packages/06/94/82699a10bca87a5556c9c59b5963f2d039dbd239f25bc2a63907a05a14cb/httpcore-1.0.9.tar.gz", hash = "sha256:6e34463af53fd2ab5d807f399a9b45ea31c3dfa2276f15a2c3f00afff6e176e8", size = 85484, upload-time = "2025-04-24T22:06:22.219Z" }
wheels = [
    { url = "https://files.pythonhosted.org/packages/7e/f5/f66802a942d491edb555dd61e3a9961140fd64c90bce1eafd741609d334d/httpcore-1.0.9-py3-none-any.whl", hash = "sha256:2d400746a40668fc9dec9810239072b40b4484b640a8c38fd654a024c7a1bf55", size = 78784, upload-time = "2025-04-24T22:06:20.566Z" },
]

[[package]]
name = "httpx"
version = "0.28.1"
source = { registry = "https://pypi.org/simple" }
dependencies = [
    { name = "anyio" },
    { name = "certifi" },
    { name = "httpcore" },
    { name = "idna" },
]
sdist = { url = "https://files.pythonhosted.org/packages/b1/df/48c586a5fe32a0f01324ee087459e112ebb7224f646c0b5023f5e79e9956/httpx-0.28.1.tar.gz", hash = "sha256:75e98c5f16b0f35b567856f597f06ff2270a374470a5c2392242528e3e3e42fc", size = 141406, upload-time = "2024-12-06T15:37:23.222Z" }
wheels = [
    { url = "https://files.pythonhosted.org/packages/2a/39/e50c7c3a983047577ee07d2a9e53faf5a69493943ec3f6a384bdc792deb2/httpx-0.28.1-py3-none-any.whl", hash = "sha256:d909fcccc110f8c7faf814ca82a9a4d816bc5a6dbfea25d6591d6985b8ba59ad", size = 73517, upload-time = "2024-12-06T15:37:21.509Z" },
]

[[package]]
name = "idna"
version = "3.19"
source = { registry = "https://pypi.org/simple" }
sdist = { url = "https://files.pythonhosted.org/packages/5f/f7/abb373e5757eaec4b922b92f97ec8d6d7e057cf06778247604fbc4e7c3f3/idna-3.19.tar.gz", hash = "sha256:5e0811a4383b21dc5838069f801c4fb62113b7447663d2530d2bd6e77b49bf15", size = 215237, upload-time = "2026-08-18T05:14:24.27Z" }
wheels = [
    { url = "https://files.pythonhosted.org/packages/57/b0/0e52c878c53f245edd3a11020f20979b3f490f245af532c7cae3027754b5/idna-3.19-py3-none-any.whl", hash = "sha256:815e7be7a7806d54abb586dc943addc79e8b2ee16915059658cbeff4b1b43bf4", size = 68550, upload-time = "2026-08-18T05:14:22.343Z" },
]

[[package]]
name = "process-street"
version = "2025.0"
source = { editable = "." }
dependencies = [
    { name = "httpx" },
]

[package.dev-dependencies]
dev = [
    { name = "coverage" },
    { name = "dotenv" },
    { name = "ruff" },
    { name = "ty" },
    { name = "uv-build" },
]

[package.metadata]
requires-dist = [{ name = "httpx", specifier = ">=0.28.1" }]

[package.metadata.requires-dev]
dev = [
    { name = "coverage", specifier = ">=7.15.4" },
    { name = "dotenv", specifier = ">=0.9.9" },
    { name = "ruff", specifier = ">=0.16.5" },
    { name = "ty", specifier = ">=0.0.65" },
    { name = "uv-build", specifier = ">=0.11.15" },
]

[[package]]
name = "python-dotenv"
version = "1.2.3"
source = { registry = "https://pypi.org/simple" }
sdist = { url = "https://files.pythonhosted.org/packages/6a/53/ed9d74092561d4b01a2ef1349d52cdbc135e526c245f366b089cfca6de49/python_dotenv-1.2.3.tar.gz", hash = "sha256:a20a594dabeaa385725aa239d5244871c143ecb356add8a20fcf23773a6c3a35", size = 58945, upload-time = "2026-08-16T16:54:54.067Z" }
wheels = [
    { url = "https://files.pythonhosted.org/packages/0d/17/c5c6b53ddc18f297992099b3d9ec16c855c0ccc83263a21fe4d1c625ec6c/python_dotenv-1.2.3-py3-none-any.whl", hash = "sha256:904552145e8bfed22162c09dab1c2b9b54fefa7b23ba780f4f26ca0316b0f0d9", size = 22780, upload-time = "2026-08-16T16:54:52.473Z" },
]

[[package]]
name = "ruff"
version = "0.16.6"
source = { registry = "https://pypi.org/simple" }
sdist = { url = "https://files.pythonhosted.org/packages/a4/7c/6adb35d70e7c027e308274557901c7e00fb3407750faf3620c184ae058cb/ruff-0.16.6.tar.gz", hash = "sha256:dcf8a73d2ff77e99dde91244b4da16feba7f14e6beeb4015dee7c5a909e99050", size = 4921251, upload-time = "2026-09-03T16:57:29.037Z" }
wheels = [
    { url = "https://files.pythonhosted.org/packages/a4/28/9cc1b79639e284ec103f43c88c644db4eb58cbd0ea1ca11f1193435369ac/ruff-0.16.6-py3-none-linux_armv6l.whl", hash = "sha256:61c368c26bf8e973e5ab14a2772de587bc068ea3f9a277f673380749b4898fb8", size = 10015638, upload-time = "2026-09-03T16:56:40.986Z" },
    { url = "https://files.pythonhosted.org/packages/71/11/627d342ef727ea7794edf74fe23d60a074b02c3acc2e9436684e782286ca/ruff-0.16.6-py3-none-macosx_10_12_x86_64.whl", hash = "sha256:ecf4f068e2e123e43a26e9db4e19524cc56563912404e83bbfca375757e45a32", size = 10220762, upload-time = "2026-09-03T16:56:44.681Z" },
    { url = "https://files.pythonhosted.org/packages/43/d9/b75668ce41e4c8d073d18d6d08672ba6906ce45d5c06ea4fdb2e84ce3853/ruff-0.16.6-py3-none-macosx_11_0_arm64.whl", hash = "sha256:99b62ea33baf130f50368798d841f0d95527b6d817bf31817b65dd058f1d314c", size = 9835082, upload-time = "2026-09-03T16:56:47.142Z" },
    { url = "https://files.pythonhosted.org/packages/99/97/123ab10b05cde889c107c20f5a9774955104b5552796a2a8584b089ae8eb/ruff-0.16.6-py3-none-manylinux_2_17_aarch64.manylinux2014_aarch64.whl", hash = "sha256:7fbf89013f2bb3f6835a6038ff658dc8a1b38c98dc8e724b964168ad4e881876", size = 9949304, upload-time = "2026-09-03T16:56:49.813Z" },
    { url = "https://files.pythonhosted.org/packages/3e/58/a4a2c59dd2e5b85929c912d9cac3056eb9ee8c7e75e9b9fe3e109174966b/ruff-0.16.6-py3-none-manylinux_2_17_armv7l.manylinux2014_armv7l.whl", hash = "sha256:56a67065e22efa6bc4d498299d3bb06c0c90aace8fac2068b5a12f9dc4d8d51d", size = 9840612, upload-time = "2026-09-03T16:56:52.368Z" },
    { url = "https://files.pythonhosted.org/packages/61/6a/ff8c8626a786c4f49d48ced4a752dadbca65f5263005f9c2416578194694/ruff-0.16.6-py3-none-manylinux_2_17_i686.manylinux2014_i686.whl", hash = "sha256:e25cc89174874b176a157e4428d66761c2c0c006654419bf384f967f361ff1b1", size = 10543465, upload-time = "2026-09-03T16:56:55.089Z" },
    { url = "https://files.pythonhosted.org/packages/ad/bb/c47535923365f337b82e28192e4e9eef2176511007cfd99a62fc22df5dad/ruff-0.16.6-py3-none-manylinux_2_17_ppc64le.manylinux2014_ppc64le.whl", hash = "sha256:0700580ed5303723cb3c11c2f1d2a8913ce77b7ea86646dddb887f5417a9ba70", size = 11267576, upload-time = "2026-09-03T16:56:57.791Z" },
    { url = "https://files.pythonhosted.org/packages/ba/50/e5119a5212b5cd63b51e1f4b25e7bd636a6668fc069a3160b108ad7e3c16/ruff-0.16.6-py3-none-manylinux_2_17_s390x.manylinux2014_s390x.whl", hash = "sha256:15f1d0b6e165a6e56567befb6629f8209271311d990bae0f37e6d065035ef5f3", size = 10781993, upload-time = "2026-09-03T16:57:00.666Z" },
    { url = "https://files.pythonhosted.org/packages/8b/98/083d8b4ef3c51a0d19db84367791cbe9f44e4b53343d19dfa83556e1cd9a/ruff-0.16.6-py3-none-manylinux_2_17_x86_64.manylinux2014_x86_64.whl", hash = "sha256:d72c591a96986ee4268860e2b7235082129ca5e4cb9cbba653a4b57c11893757", size = 10317748, upload-time = "2026-09-03T16:57:03.428Z" },
    { url = "https://files.pythonhosted.org/packages/9a/29/68f7ff2c5ad95f19f00627ac2de95644e25fe47371ea60b2db1fd952315e/ruff-0.16.6-py3-none-manylinux_2_31_riscv64.whl", hash = "sha256:65a006baa18f33324325814c864daef03541d51564b98c517610ea756ab7003e", size = 10540096, upload-time = "2026-09-03T16:57:06.182Z" },
    { url = "https://files.pythonhosted.org/packages/c4/f9/79a8f6de85968641d68a7863aeec577551924ef066a990a48ff93167beab/ruff-0.16.6-py3-none-musllinux_1_2_aarch64.whl", hash = "sha256:cd02a7bf1a21a8735228a3e8c95a9dc5cf86bd2a52194f4aaae2a5755b4de0f4", size = 10100494, upload-time = "2026-09-03T16:57:09.194Z" },
    { url = "https://files.pythonhosted.org/packages/d9/e8/b81a22d9b90c00b892ccf2fa2ac36fa95de4c13ab85aea3e73795cfe4651/ruff-0.16.6-py3-none-musllinux_1_2_armv7l.whl", hash = "sha256:31b36f1e5ad85e0737f09d2be4e512e2e283583c14015da3b9dc07359ac0fc88", size = 9843663, upload-time = "2026-09-03T16:57:12.168Z" },
    { url = "https://files.pythonhosted.org/packages/39/aa/54f516ec5e5a11c4afdceb1c454ebb054ffb96e4f4a1705580b4346abd35/ruff-0.16.6-py3-none-musllinux_1_2_i686.whl", hash = "sha256:61029b4ab4aa723fd3064fab96b1d814492596bf0c792679fffcbde1e1679953", size = 10282461, upload-time = "2026-09-03T16:57:15.077Z" },
    { url = "https://files.pythonhosted.org/packages/52/0b/38d0aa8aa32372b96dc44f97b22e576c4147808271aab7b2cb1e353d4445/ruff-0.16.6-py3-none-musllinux_1_2_x86_64.whl", hash = "sha256:9ac8998457832c2061709d900856b7ad271dace0cb41f346588d540162bfa718", size = 10728808, upload-time = "2026-09-03T16:57:17.797Z" },
    { url = "https://files.pythonhosted.org/packages/5e/e5/9e274e24eeb027640ffc7442f21239f16d17f47acec15ae34f32e03a5c79/ruff-0.16.6-py3-none-win32.whl", hash = "sha256:0b87d9d16fcb63e8018423ca1d50b7260f15cb2da33e30db4baad4183a948c25", size = 10049212, upload-time = "2026-09-03T16:57:20.55Z" },
    { url = "https://files.pythonhosted.org/packages/22/31/72472449414223ed1a2da236b992adbb1a2ae59e34794574810f60ce068e/ruff-0.16.6-py3-none-win_amd64.whl", hash = "sha256:10d21c51c3495d8eaea7b703a16592117ea6eb1d649e36335aa965ff1173eb39", size = 10556402, upload-time = "2026-09-03T16:57:23.501Z" },
    { url = "https://files.pythonhosted.org/packages/fc/07/d781f8f8e1ac24bef9f3269cf62ffb1407ca24c3a8f12e5e22874f90528c/ruff-0.16.6-py3-none-win_arm64.whl", hash = "sha256:7a976c79b958f94e50a022a19f0f8c87387448020935ec14fc74331bd0a7f2c5", size = 10412850, upload-time = "2026-09-03T16:57:26.416Z" },
]

[[package]]
name = "ty"
version = "0.0.73"
source = { registry = "https://pypi.org/simple" }
sdist = { url = "https://files.pythonhosted.org/packages/e5/90/c4e1bb4cead3b644c3e258a27f9b05c7dc5eb0ec96a4f5282194edae9e0d/ty-0.0.73.tar.gz", hash = "sha256:823d4ce0d237bfc7eb6bcee70842f2c0706113813a16951077840743712f4b74", size = 6712739, upload-time = "2026-08-19T03:12:43.381Z" }
wheels = [
    { url = "https://files.pythonhosted.org/packages/e4/0f/f5e1801e55cc631f2db193276675b30561b963a2403da832bffb5d100267/ty-0.0.73-py3-none-linux_armv6l.whl", hash = "sha256:90a946082bf9bc446b5e72973d9f4ff1222a240b2ca4c9e6eed61eb913e30810", size = 12715452, upload-time = "2026-08-19T03:12:06.673Z" },
    { url = "https://files.pythonhosted.org/packages/54/32/515dd05074c213b433524ab97eb003b0132ae7e358e0d75633ba7a314ed8/ty-0.0.73-py3-none-macosx_10_12_x86_64.whl", hash = "sha256:b7d6b5c6a6db7ea95fbbc16af514ef44a27a29a2fe1dc798900790364d170209", size = 12301870, upload-time = "2026-08-19T03:12:08.924Z" },
    { url = "https://files.pythonhosted.org/packages/50/4d/085b4889f0d4bbe4af8b96242d4a1cb209fff95967cfa239ea141983719b/ty-0.0.73-py3-none-macosx_11_0_arm64.whl", hash = "sha256:dd6f657f463e01372d8688f235be164750c8db722c97da27fa4903aa8d40b203", size = 12111741, upload-time = "2026-08-19T03:12:11.067Z" },
    { url = "https://files.pythonhosted.org/packages/95/f6/d6ec277cadfecf03ad4c18551b67c4c6eb7807a0560d801db14be99d7a89/ty-0.0.73-py3-none-manylinux_2_17_aarch64.manylinux2014_aarch64.whl", hash = "sha256:fc2de468e33fd44c9ff1c43473a7316f4289480f5cba8995a67b6d22aee39ca9", size = 12196124, upload-time = "2026-08-19T03:12:13.14Z" },
    { url = "https://files.pythonhosted.org/packages/75/b7/ce78d8707563af9cae9bbd25328bfbc4931035085bd20089adf0c418f70e/ty-0.0.73-py3-none-manylinux_2_17_armv7l.manylinux2014_armv7l.whl", hash = "sha256:2942fa0ef795a66034cdc8d75a72f453442f3b58ff2f69b4da05b7b954765b55", size = 12488557, upload-time = "2026-08-19T03:12:15.252Z" },
    { url = "https://files.pythonhosted.org/packages/d8/e8/329b9851b23502758c5c98e8cc875ea2a1b4c9674b4ca3a86da56a5063d3/ty-0.0.73-py3-none-manylinux_2_17_i686.manylinux2014_i686.whl", hash = "sha256:1e0f1ef14f642e18ac4e7a616a2796dcf7a5d82e28cd17f9796494acc7c4aabb", size = 13215606, upload-time = "2026-08-19T03:12:17.225Z" },
    { url = "https://files.pythonhosted.org/packages/36/38/67fedfd2cb77516ef0066b1642f487dba0eb3006493cf3475b15f5b8b228/ty-0.0.73-py3-none-manylinux_2_17_ppc64le.manylinux2014_ppc64le.whl", hash = "sha256:16981e15fdceedb37d0aff76c5ac25914595dfee2675af95335550064251ad22", size = 13665497, upload-time = "2026-08-19T03:12:19.286Z" },
    { url = "https://files.pythonhosted.org/packages/8e/b3/154f4dd48ec5eebc186ab4b822c6e62f982fc5ddfd262d6e3903c2acba44/ty-0.0.73-py3-none-manylinux_2_17_s390x.manylinux2014_s390x.whl", hash = "sha256:644b2bec8a2e2e4957a942ae81d6cff5571c489bb5a8675e4d3886de537a694d", size = 13351231, upload-time = "2026-08-19T03:12:21.353Z" },
    { url = "https://files.pythonhosted.org/packages/35/5f/d462496903fbe453fb76363f8478be929c8e6ff21e6928c57dcd7e5fa21f/ty-0.0.73-py3-none-manylinux_2_17_x86_64.manylinux2014_x86_64.whl", hash = "sha256:338d565be3186f50ff8e9d10483685549c2d23f0754485d5ede3b54f4319188a", size = 12782586, upload-time = "2026-08-19T03:12:23.667Z" },
    { url = "https://files.pythonhosted.org/packages/87/52/ec6d24b74abe3ec324204c1c71e6d0c6c76a17ffc15fd51d603b0a302abe/ty-0.0.73-py3-none-manylinux_2_31_riscv64.whl", hash = "sha256:11c7b6d839309d2c102cb3a4c03d817176bbfab5b2fccc95a75ec5c9597421c9", size = 13247134, upload-time = "2026-08-19T03:12:25.956Z" },
    { url = "https://files.pythonhosted.org/packages/26/20/cc74650fec56a54786c6d7c89e09576fcad3092be34cf21715d39a406a9b/ty-0.0.73-py3-none-musllinux_1_2_aarch64.whl", hash = "sha256:488572db7ff97fb50ea36a76250f2d617c9727d143da6c7bf0623276eb0fc507", size = 12309344, upload-time = "2026-08-19T03:12:28.122Z" },
    { url = "https://files.pythonhosted.org/packages/89/bd/4b0a9087f4315d7fbadf77a3ce44c816cc9ffabed1ced06cc5be81fbc414/ty-0.0.73-py3-none-musllinux_1_2_armv7l.whl", hash = "sha256:1b958ebceefbbf594e59eb8d3d55bbd033ce634026fcba3e4bc3179e78e45bb7", size = 12502319, upload-time = "2026-08-19T03:12:30.128Z" },
    { url = "https://files.pythonhosted.org/packages/11/80/0a925074911fe111912ea29d9eed309bcc183f43d2fb3eef07db056a0beb/ty-0.0.73-py3-none-musllinux_1_2_i686.whl", hash = "sha256:91a32993b3c34e42c3f323ad6c0399cb596bd1c27e9b7f20db7cd64c1067b68e", size = 12753688, upload-time = "2026-08-19T03:12:32.433Z" },
    { url = "https://files.pythonhosted.org/packages/24/6b/aeccaf89efbc2e112bd415340a22e2669ec998aa397242503e747b712ca4/ty-0.0.73-py3-none-musllinux_1_2_x86_64.whl", hash = "sha256:bab8a19fbf51f479bddb2a12c5fabfe52f918a5590362321ed5d89b44eb62c15", size = 13069050, upload-time = "2026-08-19T03:12:35.398Z" },
    { url = "https://files.pythonhosted.org/packages/d7/3e/eae485fd86c1585943fd4e1746b0757b2da01e2c43136ebe8c686fe1c7f1/ty-0.0.73-py3-none-win32.whl", hash = "sha256:03347a612f0fa020b19bfd8dbd521db6ecc75d377a3e4d4f6e6c2e62871da4cc", size = 12053187, upload-time = "2026-08-19T03:12:37.565Z" },
    { url = "https://files.pythonhosted.org/packages/a7/01/9b8b983786e3ce34924e372e8b76b92b508273ab65c589fc7e88cc03ee17/ty-0.0.73-py3-none-win_amd64.whl", hash = "sha256:cedd05122ded0b5dcc55431a370e974b747f99c41c290a3d2ab8c1867f197519", size = 12693838, upload-time = "2026-08-19T03:12:39.483Z" },
    { url = "https://files.pythonhosted.org/packages/ea/88/25333bbfea6a5dc064371d2002d3d4807db90b84d5448f9106b2712b0fbc/ty-0.0.73-py3-none-win_arm64.whl", hash = "sha256:e47068f8369dea5d641a26a2ad0a947a320b02ff87099b07e95de0323245a4dc", size = 12443573, upload-time = "2026-08-19T03:12:41.449Z" },
]

[[package]]
name = "typing-extensions"
version = "4.16.0"
source = { registry = "https://pypi.org/simple" }
sdist = { url = "https://files.pythonhosted.org/packages/f6/cc/6253133b5bb138fc3306cebfbda2c520f545d36b5be2c7255cc528bb45d6/typing_extensions-4.16.0.tar.gz", hash = "sha256:dc983d19a509c94dba722ee6abd33940f7c05a89e243c47e907eb4db6f1a43e5", size = 113555, upload-time = "2026-07-02T08:40:05.92Z" }
wheels = [
    { url = "https://files.pythonhosted.org/packages/49/d3/b8441a820a491ddfc024b0b0cf0393375b75ea13866d9c66727e54c2fc80/typing_extensions-4.16.0-py3-none-any.whl", hash = "sha256:481caa481374e813c1b176ada14e97f1f67a4539ce9cfeb3f350d78d6370c2e8", size = 45571, upload-time = "2026-07-02T08:40:04.659Z" },
]

[[package]]
name = "uv-build"
version = "0.12.13"
source = { registry = "https://pypi.org/simple" }
sdist = { url = "https://files.pythonhosted.org/packages/25/fa/40af488e657e68aa8eda897bbde37f577af629cb991bcfac15c56a8e5b24/uv_build-0.12.13.tar.gz", hash = "sha256:46936ab24c8674be28df2784a9ca2878478a84a98e6ce3df5cb976102e99b8f1", size = 424846, upload-time = "2026-09-10T19:25:22.028Z" }
wheels = [
    { url = "https://files.pythonhosted.org/packages/b9/1b/6a657419e69bc234a77562c66912c3f468608c73fe0ad7eda4da155edfcb/uv_build-0.12.13-py3-none-linux_armv6l.whl", hash = "sha256:18520eaf7adf7cc7142734b13fc02a08576da88adadb028eee727dcd28384840", size = 1520733, upload-time = "2026-09-10T19:24:57.666Z" },
    { url = "https://files.pythonhosted.org/packages/1c/c6/8419bbff1a0a7d3b5ab21baa9426db4be52f41c5426409c268e8a7fb1e13/uv_build-0.12.13-py3-none-macosx_10_12_x86_64.whl", hash = "sha256:c8610c4d3f814aced5573856a5e5f906fdc15fb419b914399f1a2cbb7a180d27", size = 1440627, upload-time = "2026-09-10T19:24:59.482Z" },
    { url = "https://files.pythonhosted.org/packages/38/a5/86ceeb0726aea27fc139726efeaa220980931616cdf4649178a827a609d0/uv_build-0.12.13-py3-none-macosx_11_0_arm64.whl", hash = "sha256:b9b44ae015f7b9d50c3514627b1241d29484d46de1d7773c1b0439994480f0f6", size = 1344102, upload-time = "2026-09-10T19:25:00.813Z" },
    { url = "https://files.pythonhosted.org/packages/b9/36/208919bb4b70fd1d74cdf9ecaac5908519cb9970b9777796f611a250263f/uv_build-0.12.13-py3-none-manylinux_2_17_aarch64.manylinux2014_aarch64.musllinux_1_1_aarch64.whl", hash = "sha256:db585c8df75fb413f603a9d00a6cef9fe4c3db87a7ad51130e08cd9038e8eb0c", size = 1602128, upload-time = "2026-09-10T19:25:02.086Z" },
    { url = "https://files.pythonhosted.org/packages/3f/68/557466d0ea3b1ca8bc1ad5837a0800da13f6b503f6e78d94e3cc0524e943/uv_build-0.12.13-py3-none-manylinux_2_17_armv7l.manylinux2014_armv7l.whl", hash = "sha256:8ea544d3b25effe1d1011fac0cd1dd63cb38c52f912f9b17ba3cd8248dedabce", size = 1486543, upload-time = "2026-09-10T19:25:03.734Z" },
    { url = "https://files.pythonhosted.org/packages/03/54/761c8885e7051fe6e82087a3c5f60e813d6cd279498076c9028aabe18b64/uv_build-0.12.13-py3-none-manylinux_2_17_i686.manylinux2014_i686.whl", hash = "sha256:5bb3b444d0192f316232d7dc6c49fe86f5e5b0cb0af4575e9e6f36b65c8647ab", size = 1645673, upload-time = "2026-09-10T19:25:05.059Z" },
    { url = "https://files.pythonhosted.org/packages/ce/c7/f7bd188a9a9f695d9307d7ac4a8dc26b78fdd22778cb200269ee1bfab52c/uv_build-0.12.13-py3-none-manylinux_2_17_ppc64le.manylinux2014_ppc64le.whl", hash = "sha256:8cd5fa8416de172a13e2f659d1d7fd31e16d25393b32e23db9987458ef882340", size = 1680742, upload-time = "2026-09-10T19:25:06.591Z" },
    { url = "https://files.pythonhosted.org/packages/7e/68/1ed61edbcf16d0d3555d1251b719671992e2a6466f57be8642460ea3d0cb/uv_build-0.12.13-py3-none-manylinux_2_17_s390x.manylinux2014_s390x.whl", hash = "sha256:be7eb5cc552cd9b09274fe44da820132f925fc9b18c34615ec0201df04a15a80", size = 1583934, upload-time = "2026-09-10T19:25:08.117Z" },
    { url = "https://files.pythonhosted.org/packages/07/00/df9f20a3f82cbcb55fa11ad3bd56a8659bfbfcf7f8c395763917b2af4cf1/uv_build-0.12.13-py3-none-manylinux_2_17_x86_64.manylinux2014_x86_64.whl", hash = "sha256:03121fd93aebf85a3a8ff2edcd1cd2b15a5f9eab1a3a51f3867ceb8487af3baa", size = 1609115, upload-time = "2026-09-10T19:25:09.304Z" },
    { url = "https://files.pythonhosted.org/packages/36/31/f6d1e194f28cd7fca025b2a9a4831bcbf64dae179b93322f63665df74094/uv_build-0.12.13-py3-none-manylinux_2_28_aarch64.whl", hash = "sha256:d2d191c893bc78e5ad3430aad008ab3c24ce0b18bbe26a3f617489d0fdd002a3", size = 1608331, upload-time = "2026-09-10T19:25:10.646Z" },
    { url = "https://files.pythonhosted.org/packages/8f/12/e9009c945508254a618df99539537af3b2b1308f20a0eff77688be2dce1f/uv_build-0.12.13-py3-none-manylinux_2_31_riscv64.whl", hash = "sha256:62248aafcd158e1afe64146c61bc9751ac7b99704bb5640fda410fbb72965106", size = 1570251, upload-time = "2026-09-10T19:25:12.025Z" },
    { url = "https://files.pythonhosted.org/packages/06/e4/2ed7bb97ee67d98feaecc18c41ce70454a74216350c493c16ee544d588df/uv_build-0.12.13-py3-none-musllinux_1_1_armv7l.whl", hash = "sha256:7a3f32e1362c9fab9041bd7865652bf855d9f3f79f6900af4356ad123124ccf3", size = 1500808, upload-time = "2026-09-10T19:25:13.356Z" },
    { url = "https://files.pythonhosted.org/packages/84/f1/53cf0eddadff8eaa45efa1448c587a7d652999abe71eb912c8af80888a5a/uv_build-0.12.13-py3-none-musllinux_1_1_i686.whl", hash = "sha256:466215fecbe60c6e5ff4455bd9ef4ab38016099edc83926ce127fd302e474c32", size = 1596634, upload-time = "2026-09-10T19:25:14.616Z" },
    { url = "https://files.pythonhosted.org/packages/c8/b5/b3e516a389f5b0386ddb6bcc201827bd7f35666c47a41a8f0921e3a47726/uv_build-0.12.13-py3-none-musllinux_1_1_riscv64.whl", hash = "sha256:13f35f0a6f590dcc68015404c7681fa546f099aef414d66cf3769814f4c4ad6a", size = 1589088, upload-time = "2026-09-10T19:25:15.806Z" },
    { url = "https://files.pythonhosted.org/packages/ba/b0/e8aac7ee934cb8dc1f5e946f349a64df6d8943c2975f0524d4d6f23aebde/uv_build-0.12.13-py3-none-musllinux_1_1_x86_64.whl", hash = "sha256:4f2eaac3dd36aa9ec8bac989d57c44941e8065007ed5420ccb9af0005f22054b", size = 1668513, upload-time = "2026-09-10T19:25:17.185Z" },
    { url = "https://files.pythonhosted.org/packages/62/3e/debd0f9a9f7ca081a78a4bad18d0d17e83d12549d1b91cdfdd46cd5862e2/uv_build-0.12.13-py3-none-win32.whl", hash = "sha256:a6fc8a06b01c7eeb2ad2f4c9b1a9b99abd3aa5a7deadee9daa85badf78df540d", size = 1371694, upload-time = "2026-09-10T19:25:18.327Z" },
    { url = "https://files.pythonhosted.org/packages/3b/cb/6081769bb802cca23f3b8eabcab944576a42f3fd1e113c23509109db0444/uv_build-0.12.13-py3-none-win_amd64.whl", hash = "sha256:778b8d1357de94dd0f91eaaee3ada16fd1c60c79971ca42c0687d403d70fa669", size = 1432917, upload-time = "2026-09-10T19:25:19.516Z" },
    { url = "https://files.pythonhosted.org/packages/42/05/98f8a8afe07cb40c62ba2b784651cebdf84bb80cb706c695e12f1a0cc5b5/uv_build-0.12.13-py3-none-win_arm64.whl", hash = "sha256:0c9b416529a417f95aa0f90f457f67dfed8c6fa5851e2498c607ddb8e91e2cc5", size = 1347992, upload-time = "2026-09-10T19:25:20.859Z" },
]
